// !$*UTF8*$!
{
	archiveVersion = 1;
	classes = {
	};
	objectVersion = 46;
	objects = {

/* Begin PBXBuildFile section */
		C9ACAFAD1CB934E500EDA6F7 /* main.m in Sources */ = {isa = PBXBuildFile; fileRef = C9ACAFAC1CB934E500EDA6F7 /* main.m */; };
		C9ACAFB01CB934E500EDA6F7 /* AppDelegate.m in Sources */ = {isa = PBXBuildFile; fileRef = C9ACAFAF1CB934E500EDA6F7 /* AppDelegate.m */; };
		C9ACAFB31CB934E500EDA6F7 /* ViewController.m in Sources */ = {isa = PBXBuildFile; fileRef = C9ACAFB21CB934E500EDA6F7 /* ViewController.m */; };
		C9ACAFB61CB934E500EDA6F7 /* Main.storyboard in Resources */ = {isa = PBXBuildFile; fileRef = C9ACAFB41CB934E500EDA6F7 /* Main.storyboard */; };
		C9ACAFB81CB934E500EDA6F7 /* Assets.xcassets in Resources */ = {isa = PBXBuildFile; fileRef = C9ACAFB71CB934E500EDA6F7 /* Assets.xcassets */; };
		C9ACAFBB1CB934E500EDA6F7 /* LaunchScreen.storyboard in Resources */ = {isa = PBXBuildFile; fileRef = C9ACAFB91CB934E500EDA6F7 /* LaunchScreen.storyboard */; };
		C9ACAFC61CB934E500EDA6F7 /* ________Tests.m in Sources */ = {isa = PBXBuildFile; fileRef = C9ACAFC51CB934E500EDA6F7 /* ________Tests.m */; };
		C9ACAFD11CB934E500EDA6F7 /* ________UITests.m in Sources */ = {isa = PBXBuildFile; fileRef = C9ACAFD01CB934E500EDA6F7 /* ________UITests.m */; };
/* End PBXBuildFile section */

/* Begin PBXContainerItemProxy section */
		C9ACAFC21CB934E500EDA6F7 /* PBXContainerItemProxy */ = {
			isa = PBXContainerItemProxy;
			containerPortal = C9ACAFA01CB934E400EDA6F7 /* Project object */;
			proxyType = 1;
			remoteGlobalIDString = C9ACAFA71CB934E500EDA6F7;
			remoteInfo = "步进器和分栏控件";
		};
		C9ACAFCD1CB934E500EDA6F7 /* PBXContainerItemProxy */ = {
			isa = PBXContainerItemProxy;
			containerPortal = C9ACAFA01CB934E400EDA6F7 /* Project object */;
			proxyType = 1;
			remoteGlobalIDString = C9ACAFA71CB934E500EDA6F7;
			remoteInfo = "步进器和分栏控件";
		};
/* End PBXContainerItemProxy section */

/* Begin PBXFileReference section */
		C9ACAFA81CB934E500EDA6F7 /* 步进器和分栏控件.app */ = {isa = PBXFileReference; explicitFileType = wrapper.application; includeInIndex = 0; path = "步进器和分栏控件.app"; sourceTree = BUILT_PRODUCTS_DIR; };
		C9ACAFAC1CB934E500EDA6F7 /* main.m */ = {isa = PBXFileReference; lastKnownFileType = sourcecode.c.objc; path = main.m; sourceTree = "<group>"; };
		C9ACAFAE1CB934E500EDA6F7 /* AppDelegate.h */ = {isa = PBXFileReference; lastKnownFileType = sourcecode.c.h; path = AppDelegate.h; sourceTree = "<group>"; };
		C9ACAFAF1CB934E500EDA6F7 /* AppDelegate.m */ = {isa = PBXFileReference; lastKnownFileType = sourcecode.c.objc; path = AppDelegate.m; sourceTree = "<group>"; };
		C9ACAFB11CB934E500EDA6F7 /* ViewController.h */ = {isa = PBXFileReference; lastKnownFileType = sourcecode.c.h; path = ViewController.h; sourceTree = "<group>"; };
		C9ACAFB21CB934E500EDA6F7 /* ViewController.m */ = {isa = PBXFileReference; lastKnownFileType = sourcecode.c.objc; path = ViewController.m; sourceTree = "<group>"; };
		C9ACAFB51CB934E500EDA6F7 /* Base */ = {isa = PBXFileReference; lastKnownFileType = file.storyboard; name = Base; path = Base.lproj/Main.storyboard; sourceTree = "<group>"; };
		C9ACAFB71CB934E500EDA6F7 /* Assets.xcassets */ = {isa = PBXFileReference; lastKnownFileType = folder.assetcatalog; path = Assets.xcassets; sourceTree = "<group>"; };
		C9ACAFBA1CB934E500EDA6F7 /* Base */ = {isa = PBXFileReference; lastKnownFileType = file.storyboard; name = Base; path = Base.lproj/LaunchScreen.storyboard; sourceTree = "<group>"; };
		C9ACAFBC1CB934E500EDA6F7 /* Info.plist */ = {isa = PBXFileReference; lastKnownFileType = text.plist.xml; path = Info.plist; sourceTree = "<group>"; };
		C9ACAFC11CB934E500EDA6F7 /* 步进器和分栏控件Tests.xctest */ = {isa = PBXFileReference; explicitFileType = wrapper.cfbundle; includeInIndex = 0; path = "步进器和分栏控件Tests.xctest"; sourceTree = BUILT_PRODUCTS_DIR; };
		C9ACAFC51CB934E500EDA6F7 /* ________Tests.m */ = {isa = PBXFileReference; lastKnownFileType = sourcecode.c.objc; path = "________Tests.m"; sourceTree = "<group>"; };
		C9ACAFC71CB934E500EDA6F7 /* Info.plist */ = {isa = PBXFileReference; lastKnownFileType = text.plist.xml; path = Info.plist; sourceTree = "<group>"; };
		C9ACAFCC1CB934E500EDA6F7 /* 步进器和分栏控件UITests.xctest */ = {isa = PBXFileReference; explicitFileType = wrapper.cfbundle; includeInIndex = 0; path = "步进器和分栏控件UITests.xctest"; sourceTree = BUILT_PRODUCTS_DIR; };
		C9ACAFD01CB934E500EDA6F7 /* ________UITests.m */ = {isa = PBXFileReference; lastKnownFileType = sourcecode.c.objc; path = "________UITests.m"; sourceTree = "<group>"; };
		C9ACAFD21CB934E500EDA6F7 /* Info.plist */ = {isa = PBXFileReference; lastKnownFileType = text.plist.xml; path = Info.plist; sourceTree = "<group>"; };
/* End PBXFileReference section */

/* Begin PBXFrameworksBuildPhase section */
		C9ACAFA51CB934E500EDA6F7 /* Frameworks */ = {
			isa = PBXFrameworksBuildPhase;
			buildActionMask = 2147483647;
			files = (
			);
			runOnlyForDeploymentPostprocessing = 0;
		};
		C9ACAFBE1CB934E500EDA6F7 /* Frameworks */ = {
			isa = PBXFrameworksBuildPhase;
			buildActionMask = 2147483647;
			files = (
			);
			runOnlyForDeploymentPostprocessing = 0;
		};
		C9ACAFC91CB934E500EDA6F7 /* Frameworks */ = {
			isa = PBXFrameworksBuildPhase;
			buildActionMask = 2147483647;
			files = (
			);
			runOnlyForDeploymentPostprocessing = 0;
		};
/* End PBXFrameworksBuildPhase section */

/* Begin PBXGroup section */
		C9ACAF9F1CB934E400EDA6F7 = {
			isa = PBXGroup;
			children = (
				C9ACAFAA1CB934E500EDA6F7 /* 步进器和分栏控件 */,
				C9ACAFC41CB934E500EDA6F7 /* 步进器和分栏控件Tests */,
				C9ACAFCF1CB934E500EDA6F7 /* 步进器和分栏控件UITests */,
				C9ACAFA91CB934E500EDA6F7 /* Products */,
			);
			sourceTree = "<group>";
		};
		C9ACAFA91CB934E500EDA6F7 /* Products */ = {
			isa = PBXGroup;
			children = (
				C9ACAFA81CB934E500EDA6F7 /* 步进器和分栏控件.app */,
				C9ACAFC11CB934E500EDA6F7 /* 步进器和分栏控件Tests.xctest */,
				C9ACAFCC1CB934E500EDA6F7 /* 步进器和分栏控件UITests.xctest */,
			);
			name = Products;
			sourceTree = "<group>";
		};
		C9ACAFAA1CB934E500EDA6F7 /* 步进器和分栏控件 */ = {
			isa = PBXGroup;
			children = (
				C9ACAFAE1CB934E500EDA6F7 /* AppDelegate.h */,
				C9ACAFAF1CB934E500EDA6F7 /* AppDelegate.m */,
				C9ACAFB11CB934E500EDA6F7 /* ViewController.h */,
				C9ACAFB21CB934E500EDA6F7 /* ViewController.m */,
				C9ACAFB41CB934E500EDA6F7 /* Main.storyboard */,
				C9ACAFB71CB934E500EDA6F7 /* Assets.xcassets */,
				C9ACAFB91CB934E500EDA6F7 /* LaunchScreen.storyboard */,
				C9ACAFBC1CB934E500EDA6F7 /* Info.plist */,
				C9ACAFAB1CB934E500EDA6F7 /* Supporting Files */,
			);
			path = "步进器和分栏控件";
			sourceTree = "<group>";
		};
		C9ACAFAB1CB934E500EDA6F7 /* Supporting Files */ = {
			isa = PBXGroup;
			children = (
				C9ACAFAC1CB934E500EDA6F7 /* main.m */,
			);
			name = "Supporting Files";
			sourceTree = "<group>";
		};
		C9ACAFC41CB934E500EDA6F7 /* 步进器和分栏控件Tests */ = {
			isa = PBXGroup;
			children = (
				C9ACAFC51CB934E500EDA6F7 /* ________Tests.m */,
				C9ACAFC71CB934E500EDA6F7 /* Info.plist */,
			);
			path = "步进器和分栏控件Tests";
			sourceTree = "<group>";
		};
		C9ACAFCF1CB934E500EDA6F7 /* 步进器和分栏控件UITests */ = {
			isa = PBXGroup;
			children = (
				C9ACAFD01CB934E500EDA6F7 /* ________UITests.m */,
				C9ACAFD21CB934E500EDA6F7 /* Info.plist */,
			);
			path = "步进器和分栏控件UITests";
			sourceTree = "<group>";
		};
/* End PBXGroup section */

/* Begin PBXNativeTarget section */
		C9ACAFA71CB934E500EDA6F7 /* 步进器和分栏控件 */ = {
			isa = PBXNativeTarget;
			buildConfigurationList = C9ACAFD51CB934E500EDA6F7 /* Build configuration list for PBXNativeTarget "步进器和分栏控件" */;
			buildPhases = (
				C9ACAFA41CB934E500EDA6F7 /* Sources */,
				C9ACAFA51CB934E500EDA6F7 /* Frameworks */,
				C9ACAFA61CB934E500EDA6F7 /* Resources */,
			);
			buildRules = (
			);
			dependencies = (
			);
			name = "步进器和分栏控件";
			productName = "步进器和分栏控件";
			productReference = C9ACAFA81CB934E500EDA6F7 /* 步进器和分栏控件.app */;
			productType = "com.apple.product-type.application";
		};
		C9ACAFC01CB934E500EDA6F7 /* 步进器和分栏控件Tests */ = {
			isa = PBXNativeTarget;
			buildConfigurationList = C9ACAFD81CB934E500EDA6F7 /* Build configuration list for PBXNativeTarget "步进器和分栏控件Tests" */;
			buildPhases = (
				C9ACAFBD1CB934E500EDA6F7 /* Sources */,
				C9ACAFBE1CB934E500EDA6F7 /* Frameworks */,
				C9ACAFBF1CB934E500EDA6F7 /* Resources */,
			);
			buildRules = (
			);
			dependencies = (
				C9ACAFC31CB934E500EDA6F7 /* PBXTargetDependency */,
			);
			name = "步进器和分栏控件Tests";
			productName = "步进器和分栏控件Tests";
			productReference = C9ACAFC11CB934E500EDA6F7 /* 步进器和分栏控件Tests.xctest */;
			productType = "com.apple.product-type.bundle.unit-test";
		};
		C9ACAFCB1CB934E500EDA6F7 /* 步进器和分栏控件UITests */ = {
			isa = PBXNativeTarget;
			buildConfigurationList = C9ACAFDB1CB934E500EDA6F7 /* Build configuration list for PBXNativeTarget "步进器和分栏控件UITests" */;
			buildPhases = (
				C9ACAFC81CB934E500EDA6F7 /* Sources */,
				C9ACAFC91CB934E500EDA6F7 /* Frameworks */,
				C9ACAFCA1CB934E500EDA6F7 /* Resources */,
			);
			buildRules = (
			);
			dependencies = (
				C9ACAFCE1CB934E500EDA6F7 /* PBXTargetDependency */,
			);
			name = "步进器和分栏控件UITests";
			productName = "步进器和分栏控件UITests";
			productReference = C9ACAFCC1CB934E500EDA6F7 /* 步进器和分栏控件UITests.xctest */;
			productType = "com.apple.product-type.bundle.ui-testing";
		};
/* End PBXNativeTarget section */

/* Begin PBXProject section */
		C9ACAFA01CB934E400EDA6F7 /* Project object */ = {
			isa = PBXProject;
			attributes = {
				LastUpgradeCheck = 0730;
				ORGANIZATIONNAME = "钱超";
				TargetAttributes = {
					C9ACAFA71CB934E500EDA6F7 = {
						CreatedOnToolsVersion = 7.3;
						DevelopmentTeam = 6BB6L7NC66;
					};
					C9ACAFC01CB934E500EDA6F7 = {
						CreatedOnToolsVersion = 7.3;
						DevelopmentTeam = 6BB6L7NC66;
						TestTargetID = C9ACAFA71CB934E500EDA6F7;
					};
					C9ACAFCB1CB934E500EDA6F7 = {
						CreatedOnToolsVersion = 7.3;
						DevelopmentTeam = 6BB6L7NC66;
						TestTargetID = C9ACAFA71CB934E500EDA6F7;
					};
				};
			};
			buildConfigurationList = C9ACAFA31CB934E400EDA6F7 /* Build configuration list for PBXProject "步进器和分栏控件" */;
			compatibilityVersion = "Xcode 3.2";
			developmentRegion = English;
			hasScannedForEncodings = 0;
			knownRegions = (
				en,
				Base,
			);
			mainGroup = C9ACAF9F1CB934E400EDA6F7;
			productRefGroup = C9ACAFA91CB934E500EDA6F7 /* Products */;
			projectDirPath = "";
			projectRoot = "";
			targets = (
				C9ACAFA71CB934E500EDA6F7 /* 步进器和分栏控件 */,
				C9ACAFC01CB934E500EDA6F7 /* 步进器和分栏控件Tests */,
				C9ACAFCB1CB934E500EDA6F7 /* 步进器和分栏控件UITests */,
			);
		};
/* End PBXProject section */

/* Begin PBXResourcesBuildPhase section */
		C9ACAFA61CB934E500EDA6F7 /* Resources */ = {
			isa = PBXResourcesBuildPhase;
			buildActionMask = 2147483647;
			files = (
				C9ACAFBB1CB934E500EDA6F7 /* LaunchScreen.storyboard in Resources */,
				C9ACAFB81CB934E500EDA6F7 /* Assets.xcassets in Resources */,
				C9ACAFB61CB934E500EDA6F7 /* Main.storyboard in Resources */,
			);
			runOnlyForDeploymentPostprocessing = 0;
		};
		C9ACAFBF1CB934E500EDA6F7 /* Resources */ = {
			isa = PBXResourcesBuildPhase;
			buildActionMask = 2147483647;
			files = (
			);
			runOnlyForDeploymentPostprocessing = 0;
		};
		C9ACAFCA1CB934E500EDA6F7 /* Resources */ = {
			isa = PBXResourcesBuildPhase;
			buildActionMask = 2147483647;
			files = (
			);
			runOnlyForDeploymentPostprocessing = 0;
		};
/* End PBXResourcesBuildPhase section */

/* Begin PBXSourcesBuildPhase section */
		C9ACAFA41CB934E500EDA6F7 /* Sources */ = {
			isa = PBXSourcesBuildPhase;
			buildActionMask = 2147483647;
			files = (
				C9ACAFB31CB934E500EDA6F7 /* ViewController.m in Sources */,
				C9ACAFB01CB934E500EDA6F7 /* AppDelegate.m in Sources */,
				C9ACAFAD1CB934E500EDA6F7 /* main.m in Sources */,
			);
			runOnlyForDeploymentPostprocessing = 0;
		};
		C9ACAFBD1CB934E500EDA6F7 /* Sources */ = {
			isa = PBXSourcesBuildPhase;
			buildActionMask = 2147483647;
			files = (
				C9ACAFC61CB934E500EDA6F7 /* ________Tests.m in Sources */,
			);
			runOnlyForDeploymentPostprocessing = 0;
		};
		C9ACAFC81CB934E500EDA6F7 /* Sources */ = {
			isa = PBXSourcesBuildPhase;
			buildActionMask = 2147483647;
			files = (
				C9ACAFD11CB934E500EDA6F7 /* ________UITests.m in Sources */,
			);
			runOnlyForDeploymentPostprocessing = 0;
		};
/* End PBXSourcesBuildPhase section */

/* Begin PBXTargetDependency section */
		C9ACAFC31CB934E500EDA6F7 /* PBXTargetDependency */ = {
			isa = PBXTargetDependency;
			target = C9ACAFA71CB934E500EDA6F7 /* 步进器和分栏控件 */;
			targetProxy = C9ACAFC21CB934E500EDA6F7 /* PBXContainerItemProxy */;
		};
		C9ACAFCE1CB934E500EDA6F7 /* PBXTargetDependency */ = {
			isa = PBXTargetDependency;
			target = C9ACAFA71CB934E500EDA6F7 /* 步进器和分栏控件 */;
			targetProxy = C9ACAFCD1CB934E500EDA6F7 /* PBXContainerItemProxy */;
		};
/* End PBXTargetDependency section */

/* Begin PBXVariantGroup section */
		C9ACAFB41CB934E500EDA6F7 /* Main.storyboard */ = {
			isa = PBXVariantGroup;
			children = (
				C9ACAFB51CB934E500EDA6F7 /* Base */,
			);
			name = Main.storyboard;
			sourceTree = "<group>";
		};
		C9ACAFB91CB934E500EDA6F7 /* LaunchScreen.storyboard */ = {
			isa = PBXVariantGroup;
			children = (
				C9ACAFBA1CB934E500EDA6F7 /* Base */,
			);
			name = LaunchScreen.storyboard;
			sourceTree = "<group>";
		};
/* End PBXVariantGroup section */

/* Begin XCBuildConfiguration section */
		C9ACAFD31CB934E500EDA6F7 /* Debug */ = {
			isa = XCBuildConfiguration;
			buildSettings = {
				ALWAYS_SEARCH_USER_PATHS = NO;
				CLANG_ANALYZER_NONNULL = YES;
				CLANG_CXX_LANGUAGE_STANDARD = "gnu++0x";
				CLANG_CXX_LIBRARY = "libc++";
				CLANG_ENABLE_MODULES = YES;
				CLANG_ENABLE_OBJC_ARC = YES;
				CLANG_WARN_BOOL_CONVERSION = YES;
				CLANG_WARN_CONSTANT_CONVERSION = YES;
				CLANG_WARN_DIRECT_OBJC_ISA_USAGE = YES_ERROR;
				CLANG_WARN_EMPTY_BODY = YES;
				CLANG_WARN_ENUM_CONVERSION = YES;
				CLANG_WARN_INT_CONVERSION = YES;
				CLANG_WARN_OBJC_ROOT_CLASS = YES_ERROR;
				CLANG_WARN_UNREACHABLE_CODE = YES;
				CLANG_WARN__DUPLICATE_METHOD_MATCH = YES;
				"CODE_SIGN_IDENTITY[sdk=iphoneos*]" = "iPhone Developer";
				COPY_PHASE_STRIP = NO;
				DEBUG_INFORMATION_FORMAT = dwarf;
				ENABLE_STRICT_OBJC_MSGSEND = YES;
				ENABLE_TESTABILITY = YES;
				GCC_C_LANGUAGE_STANDARD = gnu99;
				GCC_DYNAMIC_NO_PIC = NO;
				GCC_NO_COMMON_BLOCKS = YES;
				GCC_OPTIMIZATION_LEVEL = 0;
				GCC_PREPROCESSOR_DEFINITIONS = (
					"DEBUG=1",
					"$(inherited)",
				);
				GCC_WARN_64_TO_32_BIT_CONVERSION = YES;
				GCC_WARN_ABOUT_RETURN_TYPE = YES_ERROR;
				GCC_WARN_UNDECLARED_SELECTOR = YES;
				GCC_WARN_UNINITIALIZED_AUTOS = YES_AGGRESSIVE;
				GCC_WARN_UNUSED_FUNCTION = YES;
				GCC_WARN_UNUSED_VARIABLE = YES;
				IPHONEOS_DEPLOYMENT_TARGET = 9.3;
				MTL_ENABLE_DEBUG_INFO = YES;
				ONLY_ACTIVE_ARCH = YES;
				SDKROOT = iphoneos;
			};
			name = Debug;
		};
		C9ACAFD41CB934E500EDA6F7 /* Release */ = {
			isa = XCBuildConfiguration;
			buildSettings = {
				ALWAYS_SEARCH_USER_PATHS = NO;
				CLANG_ANALYZER_NONNULL = YES;
				CLANG_CXX_LANGUAGE_STANDARD = "gnu++0x";
				CLANG_CXX_LIBRARY = "libc++";
				CLANG_ENABLE_MODULES = YES;
				CLANG_ENABLE_OBJC_ARC = YES;
				CLANG_WARN_BOOL_CONVERSION = YES;
				CLANG_WARN_CONSTANT_CONVERSION = YES;
				CLANG_WARN_DIRECT_OBJC_ISA_USAGE = YES_ERROR;
				CLANG_WARN_EMPTY_BODY = YES;
				CLANG_WARN_ENUM_CONVERSION = YES;
				CLANG_WARN_INT_CONVERSION = YES;
				CLANG_WARN_OBJC_ROOT_CLASS = YES_ERROR;
				CLANG_WARN_UNREACHABLE_CODE = YES;
				CLANG_WARN__DUPLICATE_METHOD_MATCH = YES;
				"CODE_SIGN_IDENTITY[sdk=iphoneos*]" = "iPhone Developer";
				COPY_PHASE_STRIP = NO;
				DEBUG_INFORMATION_FORMAT = "dwarf-with-dsym";
				ENABLE_NS_ASSERTIONS = NO;
				ENABLE_STRICT_OBJC_MSGSEND = YES;
				GCC_C_LANGUAGE_STANDARD = gnu99;
				GCC_NO_COMMON_BLOCKS = YES;
				GCC_WARN_64_TO_32_BIT_CONVERSION = YES;
				GCC_WARN_ABOUT_RETURN_TYPE = YES_ERROR;
				GCC_WARN_UNDECLARED_SELECTOR = YES;
				GCC_WARN_UNINITIALIZED_AUTOS = YES_AGGRESSIVE;
				GCC_WARN_UNUSED_FUNCTION = YES;
				GCC_WARN_UNUSED_VARIABLE = YES;
				IPHONEOS_DEPLOYMENT_TARGET = 9.3;
				MTL_ENABLE_DEBUG_INFO = NO;
				SDKROOT = iphoneos;
				VALIDATE_PRODUCT = YES;
			};
			name = Release;
		};
		C9ACAFD61CB934E500EDA6F7 /* Debug */ = {
			isa = XCBuildConfiguration;
			buildSettings = {
				ASSETCATALOG_COMPILER_APPICON_NAME = AppIcon;
				INFOPLIST_FILE = "步进器和分栏控件/Info.plist";
				LD_RUNPATH_SEARCH_PATHS = "$(inherited) @executable_path/Frameworks";
				PRODUCT_BUNDLE_IDENTIFIER = "cn.itinfor.--------";
				PRODUCT_NAME = "$(TARGET_NAME)";
			};
			name = Debug;
		};
		C9ACAFD71CB934E500EDA6F7 /* Release */ = {
			isa = XCBuildConfiguration;
			buildSettings = {
				ASSETCATALOG_COMPILER_APPICON_NAME = AppIcon;
				INFOPLIST_FILE = "步进器和分栏控件/Info.plist";
				LD_RUNPATH_SEARCH_PATHS = "$(inherited) @executable_path/Frameworks";
				PRODUCT_BUNDLE_IDENTIFIER = "cn.itinfor.--------";
				PRODUCT_NAME = "$(TARGET_NAME)";
			};
			name = Release;
		};
		C9ACAFD91CB934E500EDA6F7 /* Debug */ = {
			isa = XCBuildConfiguration;
			buildSettings = {
				BUNDLE_LOADER = "$(TEST_HOST)";
				INFOPLIST_FILE = "步进器和分栏控件Tests/Info.plist";
				LD_RUNPATH_SEARCH_PATHS = "$(inherited) @executable_path/Frameworks @loader_path/Frameworks";
				PRODUCT_BUNDLE_IDENTIFIER = "cn.itinfor.--------Tests";
				PRODUCT_NAME = "$(TARGET_NAME)";
				TEST_HOST = "$(BUILT_PRODUCTS_DIR)/步进器和分栏控件.app/步进器和分栏控件";
			};
			name = Debug;
		};
		C9ACAFDA1CB934E500EDA6F7 /* Release */ = {
			isa = XCBuildConfiguration;
			buildSettings = {
				BUNDLE_LOADER = "$(TEST_HOST)";
				INFOPLIST_FILE = "步进器和分栏控件Tests/Info.plist";
				LD_RUNPATH_SEARCH_PATHS = "$(inherited) @executable_path/Frameworks @loader_path/Frameworks";
				PRODUCT_BUNDLE_IDENTIFIER = "cn.itinfor.--------Tests";
				PRODUCT_NAME = "$(TARGET_NAME)";
				TEST_HOST = "$(BUILT_PRODUCTS_DIR)/步进器和分栏控件.app/步进器和分栏控件";
			};
			name = Release;
		};
		C9ACAFDC1CB934E500EDA6F7 /* Debug */ = {
			isa = XCBuildConfiguration;
			buildSettings = {
				INFOPLIST_FILE = "步进器和分栏控件UITests/Info.plist";
				LD_RUNPATH_SEARCH_PATHS = "$(inherited) @executable_path/Frameworks @loader_path/Frameworks";
				PRODUCT_BUNDLE_IDENTIFIER = "cn.itinfor.--------UITests";
				PRODUCT_NAME = "$(TARGET_NAME)";
				TEST_TARGET_NAME = "步进器和分栏控件";
			};
			name = Debug;
		};
		C9ACAFDD1CB934E500EDA6F7 /* Release */ = {
			isa = XCBuildConfiguration;
			buildSettings = {
				INFOPLIST_FILE = "步进器和分栏控件UITests/Info.plist";
				LD_RUNPATH_SEARCH_PATHS = "$(inherited) @executable_path/Frameworks @loader_path/Frameworks";
				PRODUCT_BUNDLE_IDENTIFIER = "cn.itinfor.--------UITests";
				PRODUCT_NAME = "$(TARGET_NAME)";
				TEST_TARGET_NAME = "步进器和分栏控件";
			};
			name = Release;
		};
/* End XCBuildConfiguration section */

/* Begin XCConfigurationList section */
		C9ACAFA31CB934E400EDA6F7 /* Build configuration list for PBXProject "步进器和分栏控件" */ = {
			isa = XCConfigurationList;
			buildConfigurations = (
				C9ACAFD31CB934E500EDA6F7 /* Debug */,
				C9ACAFD41CB934E500EDA6F7 /* Release */,
			);
			defaultConfigurationIsVisible = 0;
			defaultConfigurationName = Release;
		};
		C9ACAFD51CB934E500EDA6F7 /* Build configuration list for PBXNativeTarget "步进器和分栏控件" */ = {
			isa = XCConfigurationList;
			buildConfigurations = (
				C9ACAFD61CB934E500EDA6F7 /* Debug */,
				C9ACAFD71CB934E500EDA6F7 /* Release */,
			);
			defaultConfigurationIsVisible = 0;
		};
		C9ACAFD81CB934E500EDA6F7 /* Build configuration list for PBXNativeTarget "步进器和分栏控件Tests" */ = {
			isa = XCConfigurationList;
			buildConfigurations = (
				C9ACAFD91CB934E500EDA6F7 /* Debug */,
				C9ACAFDA1CB934E500EDA6F7 /* Release */,
			);
			defaultConfigurationIsVisible = 0;
		};
		C9ACAFDB1CB934E500EDA6F7 /* Build configuration list for PBXNativeTarget "步进器和分栏控件UITests" */ = {
			isa = XCConfigurationList;
			buildConfigurations = (
				C9ACAFDC1CB934E500EDA6F7 /* Debug */,
				C9ACAFDD1CB934E500EDA6F7 /* Release */,
			);
			defaultConfigurationIsVisible = 0;
		};
/* End XCConfigurationList section */
	};
	rootObject = C9ACAFA01CB934E400EDA6F7 /* Project object */;
}
